// !$*UTF8*$!
{
	archiveVersion = 1;
	classes = {
	};
	objectVersion = 46;
	objects = {

/* Begin PBXBuildFile section */
		FE955A5F1AB8540F007E8E9D /* main.cpp in Sources */ = {isa = PBXBuildFile; fileRef = FE955A5E1AB8540F007E8E9D /* main.cpp */; };
		FE955A681AB86209007E8E9D /* UAudio.cpp in Sources */ = {isa = PBXBuildFile; fileRef = FE955A661AB86209007E8E9D /* UAudio.cpp */; };
		FE955A6B1AB8622D007E8E9D /* AudioChain.cpp in Sources */ = {isa = PBXBuildFile; fileRef = FE955A691AB8622D007E8E9D /* AudioChain.cpp */; };
		FE955A6E1AB8654B007E8E9D /* AudioProcessor.cpp in Sources */ = {isa = PBXBuildFile; fileRef = FE955A6C1AB8654B007E8E9D /* AudioProcessor.cpp */; };
		FE955A701AB8692C007E8E9D /* libportaudio.dylib in Frameworks */ = {isa = PBXBuildFile; fileRef = FE955A6F1AB8692C007E8E9D /* libportaudio.dylib */; };
		FE955A731AB86A5E007E8E9D /* UASaw.cpp in Sources */ = {isa = PBXBuildFile; fileRef = FE955A711AB86A5E007E8E9D /* UASaw.cpp */; };
/* End PBXBuildFile section */

/* Begin PBXCopyFilesBuildPhase section */
		FE955A591AB8540F007E8E9D /* CopyFiles */ = {
			isa = PBXCopyFilesBuildPhase;
			buildActionMask = 2147483647;
			dstPath = /usr/share/man/man1/;
			dstSubfolderSpec = 0;
			files = (
			);
			runOnlyForDeploymentPostprocessing = 1;
		};
/* End PBXCopyFilesBuildPhase section */

/* Begin PBXFileReference section */
		FE955A5B1AB8540F007E8E9D /* AudioLR */ = {isa = PBXFileReference; explicitFileType = "compiled.mach-o.executable"; includeInIndex = 0; path = AudioLR; sourceTree = BUILT_PRODUCTS_DIR; };
		FE955A5E1AB8540F007E8E9D /* main.cpp */ = {isa = PBXFileReference; lastKnownFileType = sourcecode.cpp.cpp; path = main.cpp; sourceTree = "<group>"; };
		FE955A661AB86209007E8E9D /* UAudio.cpp */ = {isa = PBXFileReference; fileEncoding = 4; lastKnownFileType = sourcecode.cpp.cpp; name = UAudio.cpp; path = UAudio/UAudio.cpp; sourceTree = "<group>"; };
		FE955A671AB86209007E8E9D /* UAudio.h */ = {isa = PBXFileReference; fileEncoding = 4; lastKnownFileType = sourcecode.c.h; name = UAudio.h; path = UAudio/UAudio.h; sourceTree = "<group>"; };
		FE955A691AB8622D007E8E9D /* AudioChain.cpp */ = {isa = PBXFileReference; fileEncoding = 4; lastKnownFileType = sourcecode.cpp.cpp; path = AudioChain.cpp; sourceTree = "<group>"; };
		FE955A6A1AB8622D007E8E9D /* AudioChain.h */ = {isa = PBXFileReference; fileEncoding = 4; lastKnownFileType = sourcecode.c.h; path = AudioChain.h; sourceTree = "<group>"; };
		FE955A6C1AB8654B007E8E9D /* AudioProcessor.cpp */ = {isa = PBXFileReference; fileEncoding = 4; lastKnownFileType = sourcecode.cpp.cpp; path = AudioProcessor.cpp; sourceTree = "<group>"; };
		FE955A6D1AB8654B007E8E9D /* AudioProcessor.h */ = {isa = PBXFileReference; fileEncoding = 4; lastKnownFileType = sourcecode.c.h; path = AudioProcessor.h; sourceTree = "<group>"; };
		FE955A6F1AB8692C007E8E9D /* libportaudio.dylib */ = {isa = PBXFileReference; lastKnownFileType = "compiled.mach-o.dylib"; name = libportaudio.dylib; path = ../../../../opt/local/lib/libportaudio.dylib; sourceTree = "<group>"; };
		FE955A711AB86A5E007E8E9D /* UASaw.cpp */ = {isa = PBXFileReference; fileEncoding = 4; lastKnownFileType = sourcecode.cpp.cpp; name = UASaw.cpp; path = UAudio/UASaw.cpp; sourceTree = "<group>"; };
		FE955A721AB86A5E007E8E9D /* UASaw.h */ = {isa = PBXFileReference; fileEncoding = 4; lastKnownFileType = sourcecode.c.h; name = UASaw.h; path = UAudio/UASaw.h; sourceTree = "<group>"; };
/* End PBXFileReference section */

/* Begin PBXFrameworksBuildPhase section */
		FE955A581AB8540F007E8E9D /* Frameworks */ = {
			isa = PBXFrameworksBuildPhase;
			buildActionMask = 2147483647;
			files = (
				FE955A701AB8692C007E8E9D /* libportaudio.dylib in Frameworks */,
			);
			runOnlyForDeploymentPostprocessing = 0;
		};
/* End PBXFrameworksBuildPhase section */

/* Begin PBXGroup section */
		FE955A521AB8540F007E8E9D = {
			isa = PBXGroup;
			children = (
				FE955A5D1AB8540F007E8E9D /* AudioLR */,
				FE955A5C1AB8540F007E8E9D /* Products */,
				FE955A6F1AB8692C007E8E9D /* libportaudio.dylib */,
			);
			sourceTree = "<group>";
		};
		FE955A5C1AB8540F007E8E9D /* Products */ = {
			isa = PBXGroup;
			children = (
				FE955A5B1AB8540F007E8E9D /* AudioLR */,
			);
			name = Products;
			sourceTree = "<group>";
		};
		FE955A5D1AB8540F007E8E9D /* AudioLR */ = {
			isa = PBXGroup;
			children = (
				FE955A651AB861AC007E8E9D /* UAudio */,
				FE955A5E1AB8540F007E8E9D /* main.cpp */,
				FE955A691AB8622D007E8E9D /* AudioChain.cpp */,
				FE955A6A1AB8622D007E8E9D /* AudioChain.h */,
				FE955A6C1AB8654B007E8E9D /* AudioProcessor.cpp */,
				FE955A6D1AB8654B007E8E9D /* AudioProcessor.h */,
			);
			path = AudioLR;
			sourceTree = "<group>";
		};
		FE955A651AB861AC007E8E9D /* UAudio */ = {
			isa = PBXGroup;
			children = (
				FE955A661AB86209007E8E9D /* UAudio.cpp */,
				FE955A671AB86209007E8E9D /* UAudio.h */,
				FE955A711AB86A5E007E8E9D /* UASaw.cpp */,
				FE955A721AB86A5E007E8E9D /* UASaw.h */,
			);
			name = UAudio;
			sourceTree = "<group>";
		};
/* End PBXGroup section */

/* Begin PBXNativeTarget section */
		FE955A5A1AB8540F007E8E9D /* AudioLR */ = {
			isa = PBXNativeTarget;
			buildConfigurationList = FE955A621AB8540F007E8E9D /* Build configuration list for PBXNativeTarget "AudioLR" */;
			buildPhases = (
				FE955A571AB8540F007E8E9D /* Sources */,
				FE955A581AB8540F007E8E9D /* Frameworks */,
				FE955A591AB8540F007E8E9D /* CopyFiles */,
			);
			buildRules = (
			);
			dependencies = (
			);
			name = AudioLR;
			productName = AudioLR;
			productReference = FE955A5B1AB8540F007E8E9D /* AudioLR */;
			productType = "com.apple.product-type.tool";
		};
/* End PBXNativeTarget section */

/* Begin PBXProject section */
		FE955A531AB8540F007E8E9D /* Project object */ = {
			isa = PBXProject;
			attributes = {
				LastUpgradeCheck = 0620;
				ORGANIZATIONNAME = "Ludovic Laffineur";
				TargetAttributes = {
					FE955A5A1AB8540F007E8E9D = {
						CreatedOnToolsVersion = 6.2;
					};
				};
			};
			buildConfigurationList = FE955A561AB8540F007E8E9D /* Build configuration list for PBXProject "AudioLR" */;
			compatibilityVersion = "Xcode 3.2";
			developmentRegion = English;
			hasScannedForEncodings = 0;
			knownRegions = (
				en,
			);
			mainGroup = FE955A521AB8540F007E8E9D;
			productRefGroup = FE955A5C1AB8540F007E8E9D /* Products */;
			projectDirPath = "";
			projectRoot = "";
			targets = (
				FE955A5A1AB8540F007E8E9D /* AudioLR */,
			);
		};
/* End PBXProject section */

/* Begin PBXSourcesBuildPhase section */
		FE955A571AB8540F007E8E9D /* Sources */ = {
			isa = PBXSourcesBuildPhase;
			buildActionMask = 2147483647;
			files = (
				FE955A681AB86209007E8E9D /* UAudio.cpp in Sources */,
				FE955A731AB86A5E007E8E9D /* UASaw.cpp in Sources */,
				FE955A6E1AB8654B007E8E9D /* AudioProcessor.cpp in Sources */,
				FE955A5F1AB8540F007E8E9D /* main.cpp in Sources */,
				FE955A6B1AB8622D007E8E9D /* AudioChain.cpp in Sources */,
			);
			runOnlyForDeploymentPostprocessing = 0;
		};
/* End PBXSourcesBuildPhase section */

/* Begin XCBuildConfiguration section */
		FE955A601AB8540F007E8E9D /* Debug */ = {
			isa = XCBuildConfiguration;
			buildSettings = {
				ALWAYS_SEARCH_USER_PATHS = NO;
				CLANG_CXX_LANGUAGE_STANDARD = "gnu++0x";
				CLANG_CXX_LIBRARY = "libc++";
				CLANG_ENABLE_MODULES = YES;
				CLANG_ENABLE_OBJC_ARC = YES;
				CLANG_WARN_BOOL_CONVERSION = YES;
				CLANG_WARN_CONSTANT_CONVERSION = YES;
				CLANG_WARN_DIRECT_OBJC_ISA_USAGE = YES_ERROR;
				CLANG_WARN_EMPTY_BODY = YES;
				CLANG_WARN_ENUM_CONVERSION = YES;
				CLANG_WARN_INT_CONVERSION = YES;
				CLANG_WARN_OBJC_ROOT_CLASS = YES_ERROR;
				CLANG_WARN_UNREACHABLE_CODE = YES;
				CLANG_WARN__DUPLICATE_METHOD_MATCH = YES;
				COPY_PHASE_STRIP = NO;
				ENABLE_STRICT_OBJC_MSGSEND = YES;
				GCC_C_LANGUAGE_STANDARD = gnu99;
				GCC_DYNAMIC_NO_PIC = NO;
				GCC_OPTIMIZATION_LEVEL = 0;
				GCC_PREPROCESSOR_DEFINITIONS = (
					"DEBUG=1",
					"$(inherited)",
				);
				GCC_SYMBOLS_PRIVATE_EXTERN = NO;
				GCC_WARN_64_TO_32_BIT_CONVERSION = YES;
				GCC_WARN_ABOUT_RETURN_TYPE = YES_ERROR;
				GCC_WARN_UNDECLARED_SELECTOR = YES;
				GCC_WARN_UNINITIALIZED_AUTOS = YES_AGGRESSIVE;
				GCC_WARN_UNUSED_FUNCTION = YES;
				GCC_WARN_UNUSED_VARIABLE = YES;
				MACOSX_DEPLOYMENT_TARGET = 10.10;
				MTL_ENABLE_DEBUG_INFO = YES;
				ONLY_ACTIVE_ARCH = YES;
				SDKROOT = macosx;
			};
			name = Debug;
		};
		FE955A611AB8540F007E8E9D /* Release */ = {
			isa = XCBuildConfiguration;
			buildSettings = {
				ALWAYS_SEARCH_USER_PATHS = NO;
				CLANG_CXX_LANGUAGE_STANDARD = "gnu++0x";
				CLANG_CXX_LIBRARY = "libc++";
				CLANG_ENABLE_MODULES = YES;
				CLANG_ENABLE_OBJC_ARC = YES;
				CLANG_WARN_BOOL_CONVERSION = YES;
				CLANG_WARN_CONSTANT_CONVERSION = YES;
				CLANG_WARN_DIRECT_OBJC_ISA_USAGE = YES_ERROR;
				CLANG_WARN_EMPTY_BODY = YES;
				CLANG_WARN_ENUM_CONVERSION = YES;
				CLANG_WARN_INT_CONVERSION = YES;
				CLANG_WARN_OBJC_ROOT_CLASS = YES_ERROR;
				CLANG_WARN_UNREACHABLE_CODE = YES;
				CLANG_WARN__DUPLICATE_METHOD_MATCH = YES;
				COPY_PHASE_STRIP = NO;
				DEBUG_INFORMATION_FORMAT = "dwarf-with-dsym";
				ENABLE_NS_ASSERTIONS = NO;
				ENABLE_STRICT_OBJC_MSGSEND = YES;
				GCC_C_LANGUAGE_STANDARD = gnu99;
				GCC_WARN_64_TO_32_BIT_CONVERSION = YES;
				GCC_WARN_ABOUT_RETURN_TYPE = YES_ERROR;
				GCC_WARN_UNDECLARED_SELECTOR = YES;
				GCC_WARN_UNINITIALIZED_AUTOS = YES_AGGRESSIVE;
				GCC_WARN_UNUSED_FUNCTION = YES;
				GCC_WARN_UNUSED_VARIABLE = YES;
				MACOSX_DEPLOYMENT_TARGET = 10.10;
				MTL_ENABLE_DEBUG_INFO = NO;
				SDKROOT = macosx;
			};
			name = Release;
		};
		FE955A631AB8540F007E8E9D /* Debug */ = {
			isa = XCBuildConfiguration;
			buildSettings = {
				LIBRARY_SEARCH_PATHS = (
					"$(inherited)",
					/opt/local/lib,
				);
				PRODUCT_NAME = "$(TARGET_NAME)";
				USER_HEADER_SEARCH_PATHS = /opt/local/include/;
			};
			name = Debug;
		};
		FE955A641AB8540F007E8E9D /* Release */ = {
			isa = XCBuildConfiguration;
			buildSettings = {
				LIBRARY_SEARCH_PATHS = (
					"$(inherited)",
					/opt/local/lib,
				);
				PRODUCT_NAME = "$(TARGET_NAME)";
				USER_HEADER_SEARCH_PATHS = /opt/local/include/;
			};
			name = Release;
		};
/* End XCBuildConfiguration section */

/* Begin XCConfigurationList section */
		FE955A561AB8540F007E8E9D /* Build configuration list for PBXProject "AudioLR" */ = {
			isa = XCConfigurationList;
			buildConfigurations = (
				FE955A601AB8540F007E8E9D /* Debug */,
				FE955A611AB8540F007E8E9D /* Release */,
			);
			defaultConfigurationIsVisible = 0;
			defaultConfigurationName = Release;
		};
		FE955A621AB8540F007E8E9D /* Build configuration list for PBXNativeTarget "AudioLR" */ = {
			isa = XCConfigurationList;
			buildConfigurations = (
				FE955A631AB8540F007E8E9D /* Debug */,
				FE955A641AB8540F007E8E9D /* Release */,
			);
			defaultConfigurationIsVisible = 0;
			defaultConfigurationName = Release;
		};
/* End XCConfigurationList section */
	};
	rootObject = FE955A531AB8540F007E8E9D /* Project object */;
}
